
Microsoft Visual Studio Solution File, Format Version 12.00
# Visual Studio 15
VisualStudioVersion = 15.0.26228.9
MinimumVisualStudioVersion = 10.0.40219.1
Project("{FAE04EC0-301F-11D3-BF4B-00C04F79EFBC}") = "FFCG.G5.Bingo.Runner", "FFCG.G5.Bingo.Runner\FFCG.G5.Bingo.Runner.csproj", "{19FD4AE0-E77A-4B60-B88F-54AC4D6029B3}"
EndProject
Project("{FAE04EC0-301F-11D3-BF4B-00C04F79EFBC}") = "FFCG.G5.Bingo.Domain", "FFCG.G5.Bingo.Domain\FFCG.G5.Bingo.Domain.csproj", "{7C5149A9-9A10-4049-BDBF-26434C9D535E}"
EndProject
Project("{FAE04EC0-301F-11D3-BF4B-00C04F79EFBC}") = "FFCG.G5.Bingo.Tests", "FFCG.G5.Bingo.Tests\FFCG.G5.Bingo.Tests.csproj", "{A5CDB206-66D9-41C6-91E7-FD092E581A0E}"
EndProject
Project("{FAE04EC0-301F-11D3-BF4B-00C04F79EFBC}") = "FFCG.G5.Bingo.Api", "FFCG.G5.Bingo.Api\FFCG.G5.Bingo.Api.csproj", "{F1BE0931-542D-4C8C-BE63-74B8F823BF65}"
EndProject
Global
	GlobalSection(SolutionConfigurationPlatforms) = preSolution
		Debug|Any CPU = Debug|Any CPU
		Release|Any CPU = Release|Any CPU
	EndGlobalSection
	GlobalSection(ProjectConfigurationPlatforms) = postSolution
		{19FD4AE0-E77A-4B60-B88F-54AC4D6029B3}.Debug|Any CPU.ActiveCfg = Debug|Any CPU
		{19FD4AE0-E77A-4B60-B88F-54AC4D6029B3}.Debug|Any CPU.Build.0 = Debug|Any CPU
		{19FD4AE0-E77A-4B60-B88F-54AC4D6029B3}.Release|Any CPU.ActiveCfg = Release|Any CPU
		{19FD4AE0-E77A-4B60-B88F-54AC4D6029B3}.Release|Any CPU.Build.0 = Release|Any CPU
		{7C5149A9-9A10-4049-BDBF-26434C9D535E}.Debug|Any CPU.ActiveCfg = Debug|Any CPU
		{7C5149A9-9A10-4049-BDBF-26434C9D535E}.Debug|Any CPU.Build.0 = Debug|Any CPU
		{7C5149A9-9A10-4049-BDBF-26434C9D535E}.Release|Any CPU.ActiveCfg = Release|Any CPU
		{7C5149A9-9A10-4049-BDBF-26434C9D535E}.Release|Any CPU.Build.0 = Release|Any CPU
		{A5CDB206-66D9-41C6-91E7-FD092E581A0E}.Debug|Any CPU.ActiveCfg = Debug|Any CPU
		{A5CDB206-66D9-41C6-91E7-FD092E581A0E}.Debug|Any CPU.Build.0 = Debug|Any CPU
		{A5CDB206-66D9-41C6-91E7-FD092E581A0E}.Release|Any CPU.ActiveCfg = Release|Any CPU
		{A5CDB206-66D9-41C6-91E7-FD092E581A0E}.Release|Any CPU.Build.0 = Release|Any CPU
		{F1BE0931-542D-4C8C-BE63-74B8F823BF65}.Debug|Any CPU.ActiveCfg = Debug|Any CPU
		{F1BE0931-542D-4C8C-BE63-74B8F823BF65}.Debug|Any CPU.Build.0 = Debug|Any CPU
		{F1BE0931-542D-4C8C-BE63-74B8F823BF65}.Release|Any CPU.ActiveCfg = Release|Any CPU
		{F1BE0931-542D-4C8C-BE63-74B8F823BF65}.Release|Any CPU.Build.0 = Release|Any CPU
	EndGlobalSection
	GlobalSection(SolutionProperties) = preSolution
		HideSolutionNode = FALSE
	EndGlobalSection
EndGlobal
