
Microsoft Visual Studio Solution File, Format Version 12.00
# Visual Studio 15
VisualStudioVersion = 15.0.26403.7
MinimumVisualStudioVersion = 10.0.40219.1
Project("{FAE04EC0-301F-11D3-BF4B-00C04F79EFBC}") = "FFCG.G5.TrollSlayer", "FFCG.G5.TrollSlayer\FFCG.G5.TrollSlayer.csproj", "{EBB518C9-9660-46EE-ABC6-48EF7032C743}"
EndProject
Global
	GlobalSection(SolutionConfigurationPlatforms) = preSolution
		Debug|Any CPU = Debug|Any CPU
		Release|Any CPU = Release|Any CPU
	EndGlobalSection
	GlobalSection(ProjectConfigurationPlatforms) = postSolution
		{EBB518C9-9660-46EE-ABC6-48EF7032C743}.Debug|Any CPU.ActiveCfg = Debug|Any CPU
		{EBB518C9-9660-46EE-ABC6-48EF7032C743}.Debug|Any CPU.Build.0 = Debug|Any CPU
		{EBB518C9-9660-46EE-ABC6-48EF7032C743}.Release|Any CPU.ActiveCfg = Release|Any CPU
		{EBB518C9-9660-46EE-ABC6-48EF7032C743}.Release|Any CPU.Build.0 = Release|Any CPU
	EndGlobalSection
	GlobalSection(SolutionProperties) = preSolution
		HideSolutionNode = FALSE
	EndGlobalSection
EndGlobal
